<Solution>
  <Configurations>
    <Platform Name="Any CPU" />
  </Configurations>
  <Folder Name="/src/BuildingBlocks/">
    <Project Path="src/BuildingBlocks/ArcForges.Capabilities/ArcForges.Capabilities.csproj" />
    <Project Path="src/BuildingBlocks/ArcForges.Capabilities/Tests/ArcForges.Capabilities.Tests.csproj" />
    <Project Path="src/BuildingBlocks/ArcForges.Contributions/ArcForges.Contributions.csproj" />
    <Project Path="src/BuildingBlocks/ArcForges.Contributions/Tests/ArcForges.Contributions.Tests.csproj" />
    <Project Path="src/BuildingBlocks/ArcForges.Application.Abstractions/ArcForges.Application.Abstractions.csproj" />
    <Project Path="src/BuildingBlocks/ArcForges.Assistant.Abstractions/ArcForges.Assistant.Abstractions.csproj" />
    <Project Path="tests/AssistantAbstractionsTests/AssistantAbstractionsTests.csproj" />
    <Project Path="src/BuildingBlocks/ArcForges.Desktop.Experience/ArcForges.Desktop.Experience.csproj" />
    <Project Path="src/BuildingBlocks/ArcForges.Desktop.Graphics/ArcForges.Desktop.Graphics.csproj" />
    <Project Path="src/BuildingBlocks/ArcForges.Desktop.Preview/ArcForges.Desktop.Preview.csproj" />
    <Project Path="src/BuildingBlocks/ArcForges.Desktop.RichContent/ArcForges.Desktop.RichContent.csproj" />
    <Project Path="src/BuildingBlocks/ArcForges.Desktop.Text/ArcForges.Desktop.Text.csproj" />
    <Project Path="src/BuildingBlocks/ArcForges.Foundation/ArcForges.Foundation.csproj" />
    <Project Path="src/BuildingBlocks/ArcForges.Foundation/Tests/ArcForges.Foundation.Tests.csproj" />
    <Project Path="src/BuildingBlocks/ArcForges.LocalRpc/ArcForges.LocalRpc.csproj" />
    <Project Path="src/BuildingBlocks/ArcForges.LocalRpc/Tests/ArcForges.LocalRpc.Tests.csproj" />
    <Project Path="src/BuildingBlocks/ArcForges.NativeInterop/ArcForges.NativeInterop.csproj" />
    <Project Path="src/BuildingBlocks/ArcForges.Observability/ArcForges.Observability.csproj" />
    <Project Path="src/BuildingBlocks/ArcForges.Persistence.Derived/ArcForges.Persistence.Derived.csproj" />
    <Project Path="src/BuildingBlocks/ArcForges.Persistence.Derived/Tests/ArcForges.Persistence.Derived.Tests.csproj" />
    <Project Path="src/BuildingBlocks/ArcForges.Observability/Tests/ArcForges.Observability.Tests.csproj" />
    <Project Path="src/BuildingBlocks/ArcForges.Persistence.Resources/ArcForges.Persistence.Resources.csproj" />
    <Project Path="src/BuildingBlocks/ArcForges.Persistence.Resources/Tests/ArcForges.Persistence.Resources.Tests.csproj" />
    <Project Path="src/BuildingBlocks/ArcForges.Persistence.Sqlite/ArcForges.Persistence.Sqlite.csproj" />
    <Project Path="src/BuildingBlocks/ArcForges.Security.Secrets/ArcForges.Security.Secrets.csproj" />
    <Project Path="src/BuildingBlocks/ArcForges.Security.Secrets/Tests/ArcForges.Security.Secrets.Tests.csproj" />
    <Project Path="src/BuildingBlocks/ArcForges.Security/ArcForges.Security.csproj" />
    <Project Path="src/BuildingBlocks/ArcForges.Security/Tests/ArcForges.Security.Tests.csproj" />
    <Project Path="src/BuildingBlocks/ArcForges.Security/LocalRpcBoundary/ArcForges.Security.LocalRpcBoundary.csproj" />
    <Project Path="src/BuildingBlocks/ArcForges.Security.Audit/ArcForges.Security.Audit.csproj" />
    <Project Path="src/BuildingBlocks/ArcForges.Security.Audit/Tests/ArcForges.Security.Audit.Tests.csproj" />
    <Project Path="src/BuildingBlocks/ArcForges.Observability.Desktop/ArcForges.Observability.Desktop.csproj" />
    <Project Path="src/BuildingBlocks/ArcForges.Observability.Desktop/Tests/ArcForges.Observability.Desktop.Tests.csproj" />
  </Folder>
  <Folder Name="/src/DesignSystem/">
    <Project Path="src/DesignSystem/ArcForges.DesignSystem/ArcForges.DesignSystem.csproj" />
    <Project Path="src/DesignSystem/ArcForges.DesignSystem/Tests/ArcForges.DesignSystem.Tests.csproj" />
    <Project Path="src/DesignSystem/ArcForges.Desktop.Shell/ArcForges.Desktop.Shell.csproj" />
    <Project Path="src/DesignSystem/ArcForges.Desktop.Shell/Tests/ArcForges.Desktop.Shell.Tests.csproj" />
  </Folder>
  <Folder Name="/src/DesktopHelpers/">
    <Project Path="src/DesktopHelpers/ArcForges.ContentSandbox/ArcForges.ContentSandbox.csproj" />
    <Project Path="src/DesktopHelpers/ArcForges.ContentSandbox.Broker/ArcForges.ContentSandbox.Broker.csproj" />
    <Project Path="src/DesktopHelpers/ArcForges.ContentSandbox.Contracts/ArcForges.ContentSandbox.Contracts.csproj" />
    <Project Path="src/DesktopHelpers/ArcForges.ContentSandbox/Fixture/ArcForges.ContentSandbox.HostileFixture.csproj" />
    <Project Path="src/DesktopHelpers/ArcForges.ContentSandbox/Tests/ArcForges.ContentSandbox.Tests.csproj" />
  </Folder>
  <Folder Name="/tests/NativeAbiTests/">
    <Project Path="tests/NativeAbiTests/ArcForges.Tests.NativeAbiTests.csproj" />
  </Folder>
  <Folder Name="/tests/LocalRpcAotTests/">
    <Project Path="tests/LocalRpcAotTests/LocalRpcAotTests.csproj" />
  </Folder>
  <Folder Name="/tests/ReleaseArtifactTests/GrpcWeb/">
    <Project Path="tests/ReleaseArtifactTests/GrpcWeb/GrpcWebAotProbe.csproj" />
  </Folder>
  <Folder Name="/tests/ReleaseArtifactTests/Realtime/">
    <Project Path="tests/ReleaseArtifactTests/Realtime/RealtimeAotProbe.csproj" />
  </Folder>
  <Project Path="src/Build/ArcForges.Build.Policy/ArcForges.Build.Policy.csproj" />
  <Project Path="tests/ArchitectureTests/ArcForges.Tests.ArchitectureTests.csproj" />
  <Project Path="tests/PersistenceTests/ArcForges.Tests.PersistenceTests.csproj" />
  <Folder Name="/src/Native/">
    <Project Path="src/Native/ArcForges.Native.Abstractions/ArcForges.Native.Abstractions.csproj" />
    <Project Path="src/Native/ArcForges.Native.Image/ArcForges.Native.Image.csproj" />
    <Project Path="src/Native/ArcForges.Native.Image.Runtime.win-x64/ArcForges.Native.Image.Runtime.win-x64.csproj" />
  </Folder>
</Solution>
