<Solution>
  <Configurations>
    <Platform Name="Any CPU" />
    <Platform Name="x64" />
    <Platform Name="ARM64" />
  </Configurations>
  <Folder Name="/src/BuildingBlocks/">
    <Project Path="src/BuildingBlocks/ArcForges.Application.Abstractions/ArcForges.Application.Abstractions.csproj" />
    <Project Path="src/BuildingBlocks/ArcForges.Desktop.Experience/ArcForges.Desktop.Experience.csproj" />
    <Project Path="src/BuildingBlocks/ArcForges.Desktop.Graphics/ArcForges.Desktop.Graphics.csproj" />
    <Project Path="src/BuildingBlocks/ArcForges.Desktop.Preview/ArcForges.Desktop.Preview.csproj" />
    <Project Path="src/BuildingBlocks/ArcForges.Desktop.RichContent/ArcForges.Desktop.RichContent.csproj" />
    <Project Path="src/BuildingBlocks/ArcForges.Desktop.Text/ArcForges.Desktop.Text.csproj" />
    <Project Path="src/BuildingBlocks/ArcForges.Foundation/ArcForges.Foundation.csproj" />
    <Project Path="src/BuildingBlocks/ArcForges.NativeInterop/ArcForges.NativeInterop.csproj" />
    <Project Path="src/BuildingBlocks/ArcForges.Observability/ArcForges.Observability.csproj" />
    <Project Path="src/BuildingBlocks/ArcForges.Persistence.Sqlite/ArcForges.Persistence.Sqlite.csproj" />
    <Project Path="src/BuildingBlocks/ArcForges.Security/ArcForges.Security.csproj" />
  </Folder>
  <Folder Name="/src/DesktopHelpers/">
    <Project Path="src/DesktopHelpers/ArcForges.ContentSandbox/ArcForges.ContentSandbox.csproj" />
  </Folder>
  <Folder Name="/tests/NativeAbiTests/">
    <Project Path="tests/NativeAbiTests/ArcForges.Tests.NativeAbiTests.csproj">
      <BuildDependency Project="native/arcimage-abi/windows/arcslate_image_abi.vcxproj" />
    </Project>
  </Folder>
  <Folder Name="/native/windows/">
    <Project Path="native/arcimage-abi/windows/arcslate_image_abi.vcxproj" Id="4052c777-f42a-4f27-a122-595884bac505">
      <Platform Solution="*|Any CPU" Project="x64" />
    </Project>
  </Folder>
  <Project Path="src/Build/ArcForges.Build.Policy/ArcForges.Build.Policy.csproj" />
  <Project Path="tests/ArchitectureTests/ArcForges.Tests.ArchitectureTests.csproj" />
  <Folder Name="/src/Native/">
    <Project Path="src/Native/ArcForges.Native.Abstractions/ArcForges.Native.Abstractions.csproj" />
    <Project Path="src/Native/ArcForges.Native.Image/ArcForges.Native.Image.csproj" />
    <Project Path="src/Native/ArcForges.Native.Image.Runtime.win-x64/ArcForges.Native.Image.Runtime.win-x64.csproj" />
    <Project Path="src/Native/ArcForges.Native.Pdf/ArcForges.Native.Pdf.csproj" />
  </Folder>
</Solution>