{
  "version": 2,
  "dependencies": {
    "net10.0-android1.0": {
      "Microsoft.CodeAnalysis.NetAnalyzers": {
        "type": "Direct",
        "requested": "[10.0.400, )",
        "resolved": "10.0.400",
        "contentHash": "Uogs/xCuSxYuEYAU7oUPddK3MFcT3A+FkrBcx/wVse6P4joptMAfh/H9jtIhl9IkHARCvJHFjL3jhKFs9YMktA=="
      },
      "Microsoft.Maui.Controls": {
        "type": "Direct",
        "requested": "[10.0.90, )",
        "resolved": "10.0.90",
        "contentHash": "AIRyMpc68HY9dbPrY8VOSuR3sIEW2A3MKwVLlGoiKZyWDvxPrAqOnH4FENKh0s8GymnCzf38QyhIaEowvzE0cQ==",
        "dependencies": {
          "Microsoft.Maui.Controls.Build.Tasks": "10.0.90",
          "Microsoft.Maui.Controls.Core": "10.0.90",
          "Microsoft.Maui.Controls.Xaml": "10.0.90",
          "Microsoft.Maui.Resizetizer": "10.0.90"
        }
      },
      "Microsoft.Extensions.Configuration": {
        "type": "Transitive",
        "resolved": "10.0.0",
        "contentHash": "H4SWETCh/cC5L1WtWchHR6LntGk3rDTTznZMssr4cL8IbDmMWBxY+MOGDc/ASnqNolLKPIWHWeuC1ddiL/iNPw==",
        "dependencies": {
          "Microsoft.Extensions.Configuration.Abstractions": "10.0.0",
          "Microsoft.Extensions.Primitives": "10.0.0"
        }
      },
      "Microsoft.Extensions.Configuration.Abstractions": {
        "type": "Transitive",
        "resolved": "10.0.10",
        "contentHash": "5Vnd2I75DmZCVEjSynIdJ/0EGafgnLQwgR3t2C2/fkjx/nRG+cLwxLLdInoHeCEpkD5K4Ov/g9ZCRYrl4TRsaA==",
        "dependencies": {
          "Microsoft.Extensions.Primitives": "10.0.10"
        }
      },
      "Microsoft.Extensions.DependencyInjection": {
        "type": "Transitive",
        "resolved": "10.0.0",
        "contentHash": "f0RBabswJq+gRu5a+hWIobrLWiUYPKMhCD9WO3sYBAdSy3FFH14LMvLVFZc2kPSCimBLxSuitUhsd6tb0TAY6A==",
        "dependencies": {
          "Microsoft.Extensions.DependencyInjection.Abstractions": "10.0.0"
        }
      },
      "Microsoft.Extensions.Diagnostics.Abstractions": {
        "type": "Transitive",
        "resolved": "10.0.10",
        "contentHash": "9uWiKpeOVac355STyChWR/pliFX/5CeLqChW9kKsaxyDH4EUTZxMkT4Jwp/J/peLm0GBFmSX5c0WCse3yCnq1Q==",
        "dependencies": {
          "Microsoft.Extensions.DependencyInjection.Abstractions": "10.0.10",
          "Microsoft.Extensions.Options": "10.0.10"
        }
      },
      "Microsoft.Extensions.FileProviders.Abstractions": {
        "type": "Transitive",
        "resolved": "10.0.10",
        "contentHash": "c5zqFCY9DiIpMovLd7/d/CTiEtrMOuQ639dhv3PABtKQIKNQikSHwQt8+N679uii9q+B55lgK28Uv64FOwEu8w==",
        "dependencies": {
          "Microsoft.Extensions.Primitives": "10.0.10"
        }
      },
      "Microsoft.Extensions.Logging": {
        "type": "Transitive",
        "resolved": "10.0.0",
        "contentHash": "BStFkd5CcnEtarlcgYDBcFzGYCuuNMzPs02wN3WBsOFoYIEmYoUdAiU+au6opzoqfTYJsMTW00AeqDdnXH2CvA==",
        "dependencies": {
          "Microsoft.Extensions.DependencyInjection": "10.0.0",
          "Microsoft.Extensions.Logging.Abstractions": "10.0.0",
          "Microsoft.Extensions.Options": "10.0.0"
        }
      },
      "Microsoft.Extensions.Options": {
        "type": "Transitive",
        "resolved": "10.0.10",
        "contentHash": "srnhnk7nE8krBiIXp71LvBmKBtraBONWSRzdjJgRv1Ko9Mp8IVNqv4vIS9hGeVteBig8aQkva9ZG+sC+o5sVcA==",
        "dependencies": {
          "Microsoft.Extensions.DependencyInjection.Abstractions": "10.0.10",
          "Microsoft.Extensions.Primitives": "10.0.10"
        }
      },
      "Microsoft.Extensions.Primitives": {
        "type": "Transitive",
        "resolved": "10.0.10",
        "contentHash": "5wu/GrYVd8mG2DVUw3vFJzF+O336TyTGg/Kmcgw9bfwYhCoFiV5lR5QeEmKecJyrW4W54nMfD3p3589E8a7czQ=="
      },
      "Microsoft.Maui.Controls.Build.Tasks": {
        "type": "Transitive",
        "resolved": "10.0.90",
        "contentHash": "S8W86Pkv8O36EPQdjkEUXqus845JXzELmHGs/z7+hjUkTXtNMkpz3V4n2mjGSOSZbH4E3FOQYhNbHCYipv84GA==",
        "dependencies": {
          "Microsoft.Maui.Controls.Core": "10.0.90",
          "Microsoft.Maui.Controls.Xaml": "10.0.90"
        }
      },
      "Microsoft.Maui.Controls.Core": {
        "type": "Transitive",
        "resolved": "10.0.90",
        "contentHash": "f0S19HCi5Y8JYbTgWLUTKd2J+hHBQYOkd1eY1VCSgT7YYDoTo0D1Z2p5NTpTm8zk+r9DtX1SEZWoT9jhH0rcvA==",
        "dependencies": {
          "Microsoft.Extensions.Configuration": "10.0.0",
          "Microsoft.Extensions.DependencyInjection": "10.0.0",
          "Microsoft.Extensions.Logging": "10.0.0",
          "Microsoft.Extensions.Logging.Abstractions": "10.0.0",
          "Microsoft.Maui.Core": "10.0.90"
        }
      },
      "Microsoft.Maui.Controls.Xaml": {
        "type": "Transitive",
        "resolved": "10.0.90",
        "contentHash": "cRhKhQ8DpQh9hfTMi2kgSbtAJw75czc0PG1vZoIgn3oG5ucMPNbJ7fWoN9JDzDN/kEFijU+S33BBkBFYYfHlSQ==",
        "dependencies": {
          "Microsoft.Extensions.Configuration": "10.0.0",
          "Microsoft.Maui.Controls.Core": "10.0.90",
          "Microsoft.Maui.Core": "10.0.90"
        }
      },
      "Microsoft.Maui.Core": {
        "type": "Transitive",
        "resolved": "10.0.90",
        "contentHash": "72kBQF6rvyU9arhF8HY7kw/5dnSvWkL0gQIvB7dBkI21dOc/YUrmFNZN/Ns2cps1tivjbWeV8cc4i51wd8wGcA==",
        "dependencies": {
          "Microsoft.Extensions.Configuration": "10.0.0",
          "Microsoft.Extensions.DependencyInjection": "10.0.0",
          "Microsoft.Extensions.Hosting.Abstractions": "10.0.0",
          "Microsoft.Extensions.Logging": "10.0.0",
          "Microsoft.Extensions.Logging.Abstractions": "10.0.0",
          "Microsoft.Maui.Essentials": "10.0.90",
          "Microsoft.Maui.Graphics": "10.0.90"
        }
      },
      "Microsoft.Maui.Essentials": {
        "type": "Transitive",
        "resolved": "10.0.90",
        "contentHash": "kh0RGsyTTHKHIHWcUgQmUoFJubqSjI0jcs3RPV+0evufSDs4EasCMAXyLnrC6MWSP9b2pebaEM5yWVXu25Yziw==",
        "dependencies": {
          "Microsoft.Maui.Graphics": "10.0.90"
        }
      },
      "Microsoft.Maui.Graphics": {
        "type": "Transitive",
        "resolved": "10.0.90",
        "contentHash": "mkIF23V0IyffqycNKM+KJHb+89rivEyyUjNIUOKu1Z0NnWXU81ehEU7+0rx43tWT1gnFxiRyViVLnCAE1w1sKg=="
      },
      "Microsoft.Maui.Resizetizer": {
        "type": "Transitive",
        "resolved": "10.0.90",
        "contentHash": "Wjq5i4zvumm7YbfWsMpjTj3/Pr2aaDyL5dLyIOOpSNjBKvQ//G7iG7PZwC+fJ3isWQRhO0CqFVsC4Kx0Gdri6g=="
      },
      "arcchat.mobile.application": {
        "type": "Project",
        "dependencies": {
          "ArcChat.Mobile.Domain": "[1.0.0, )"
        }
      },
      "arcchat.mobile.cloudclient": {
        "type": "Project",
        "dependencies": {
          "ArcChat.Mobile.Application": "[1.0.0, )",
          "ArcChat.Mobile.Contracts": "[1.0.0, )"
        }
      },
      "arcchat.mobile.contracts": {
        "type": "Project",
        "dependencies": {
          "ArcForges.Contracts.PublicApi": "[1.0.0, )",
          "ArcForges.Contracts.Realtime": "[1.0.0, )"
        }
      },
      "arcchat.mobile.domain": {
        "type": "Project"
      },
      "arcchat.mobile.persistence": {
        "type": "Project",
        "dependencies": {
          "ArcChat.Mobile.Application": "[1.0.0, )",
          "ArcChat.Mobile.Domain": "[1.0.0, )"
        }
      },
      "arcchat.mobile.presentation": {
        "type": "Project",
        "dependencies": {
          "ArcChat.Mobile.Application": "[1.0.0, )"
        }
      },
      "arcchat.mobile.realtime": {
        "type": "Project",
        "dependencies": {
          "ArcChat.Mobile.Application": "[1.0.0, )",
          "ArcChat.Mobile.Contracts": "[1.0.0, )"
        }
      },
      "arcforges.contracts.agent": {
        "type": "Project",
        "dependencies": {
          "ArcForges.Contracts.Foundation": "[1.0.0, )"
        }
      },
      "arcforges.contracts.foundation": {
        "type": "Project"
      },
      "arcforges.contracts.publicapi": {
        "type": "Project",
        "dependencies": {
          "ArcForges.Contracts.Agent": "[1.0.0, )",
          "ArcForges.Contracts.Foundation": "[1.0.0, )",
          "ArcForges.Contracts.Sync": "[1.0.0, )"
        }
      },
      "arcforges.contracts.realtime": {
        "type": "Project",
        "dependencies": {
          "ArcForges.Contracts.Agent": "[1.0.0, )",
          "ArcForges.Contracts.Foundation": "[1.0.0, )",
          "ArcForges.Contracts.Sync": "[1.0.0, )"
        }
      },
      "arcforges.contracts.sync": {
        "type": "Project",
        "dependencies": {
          "ArcForges.Contracts.Foundation": "[1.0.0, )"
        }
      },
      "Microsoft.Extensions.DependencyInjection.Abstractions": {
        "type": "CentralTransitive",
        "requested": "[10.0.10, )",
        "resolved": "10.0.10",
        "contentHash": "z/2xXlFw2aLGjHyEm6E0tQ+In6VfzQzTrtArbQ2c0TQE16ZbyDCMGPvaUT9I0s8rgy9sRWlU2P9waW37qV04qA=="
      },
      "Microsoft.Extensions.Hosting.Abstractions": {
        "type": "CentralTransitive",
        "requested": "[10.0.10, )",
        "resolved": "10.0.10",
        "contentHash": "5LugpYGHk+mkn0a8IZgcyfBca8PCTAU9RQFoMrTdtOOidq88M2SI5f3px6ugnzgxC+eTkvYYJi8pzlUnG5xdAQ==",
        "dependencies": {
          "Microsoft.Extensions.Configuration.Abstractions": "10.0.10",
          "Microsoft.Extensions.DependencyInjection.Abstractions": "10.0.10",
          "Microsoft.Extensions.Diagnostics.Abstractions": "10.0.10",
          "Microsoft.Extensions.FileProviders.Abstractions": "10.0.10",
          "Microsoft.Extensions.Logging.Abstractions": "10.0.10"
        }
      },
      "Microsoft.Extensions.Logging.Abstractions": {
        "type": "CentralTransitive",
        "requested": "[10.0.10, )",
        "resolved": "10.0.10",
        "contentHash": "zkFxGYUvdxAvIKTyXHrmW+Sux53D4SezD9dMyZ6hrwwzPQJNuwCRy1f5W7AvYTqacEGhWF2XderRQG1OvbV8og==",
        "dependencies": {
          "Microsoft.Extensions.DependencyInjection.Abstractions": "10.0.10"
        }
      }
    }
  }
}