{
  "version": 2,
  "dependencies": {
    "net10.0": {
      "Microsoft.CodeAnalysis.NetAnalyzers": {
        "type": "Direct",
        "requested": "[10.0.401, )",
        "resolved": "10.0.401",
        "contentHash": "qGPLk4hknvVp6j9Lowa0qykw1cK7CyEyyy2aVs4dkOGroOMHJLRsMpUT53IKvYT6q78jxv96FZhzy3BrKCPgmA=="
      },
      "Microsoft.DotNet.ILCompiler": {
        "type": "Direct",
        "requested": "[10.0.11, )",
        "resolved": "10.0.11",
        "contentHash": "yloFUsIQOzspIsn2cDHrbgikKaWHAZspzj0EWxnWJJpFC89IBW64OXgCECsrrnzGWQvy1iLX9r5/R4zBf7Am3g=="
      },
      "Microsoft.NET.ILLink.Tasks": {
        "type": "Direct",
        "requested": "[10.0.11, )",
        "resolved": "10.0.11",
        "contentHash": "IBf7lbovvjGWVWXZX5cJ/cO0WXbId0Zq4BuSeT94mGZuOAP66oMeH9PTBZ9Jpp3Jb6jtK0qm/NyUbPRo1gC/wQ=="
      },
      "ArcForges.Contracts.PublicApi": {
        "type": "Transitive",
        "resolved": "1.0.0-ci.324.1",
        "contentHash": "pHt1bnk8VA23vOenZlDsotoyHZMUstNOOp1DltQcovzENyU1YoK4H10LKaGZG5Q2WwecJBXqB1rfKeVxEtjsww==",
        "dependencies": {
          "ArcForges.Contracts.Foundation": "1.0.0-ci.324.1",
          "Google.Protobuf": "3.36.1",
          "Grpc.Core.Api": "2.84.0"
        }
      },
      "ArcForges.Sdk.Contracts": {
        "type": "Transitive",
        "resolved": "1.0.0-ci.324.1",
        "contentHash": "kb6YXJgRCanaq8b0Zd5MH2TTaf9Ap9mW21KxztqZOVAtIyMpRxCxlDzPowKZXHPbqaz9lHrGgU7nt/Nsv0oQNQ==",
        "dependencies": {
          "ArcForges.Contracts.Foundation": "1.0.0-ci.324.1",
          "ArcForges.Contracts.PublicApi": "1.0.0-ci.324.1",
          "Google.Protobuf": "3.36.1",
          "Grpc.Core.Api": "2.84.0"
        }
      },
      "Google.Protobuf": {
        "type": "Transitive",
        "resolved": "3.36.1",
        "contentHash": "77AqPEoaY1ODE+syYBHti0jXiwQq0J/fUr/fRyYhNlc9oKtH5dZZEr/OLKtdKNVG83PRnCYB2r8B80ZrObzOGQ=="
      },
      "Grpc.Core.Api": {
        "type": "Transitive",
        "resolved": "2.84.0",
        "contentHash": "p2SOMl6q/GZ4/5MLkgboC/z55g4zKUEruRn/g46QgppjQBVnsLZVBU/9VO7n60ll38G3Eo8Zu9b7x+W01GKFVg=="
      },
      "Grpc.Net.Common": {
        "type": "Transitive",
        "resolved": "2.84.0",
        "contentHash": "DPxm/H8G/lDRrz997wM0M2zN/PGqVeZKDakhBbtABEbv6WIW4HI9g3BvntBQT6ZUROuGacMzfyyF9e5kiTVFfQ==",
        "dependencies": {
          "Grpc.Core.Api": "2.84.0"
        }
      },
      "Microsoft.Extensions.DependencyInjection.Abstractions": {
        "type": "Transitive",
        "resolved": "8.0.1",
        "contentHash": "fGLiCRLMYd00JYpClraLjJTNKLmMJPnqxMaiRzEBIIvevlzxz33mXy39Lkd48hu1G+N21S7QpaO5ZzKsI6FRuA=="
      },
      "Microsoft.Extensions.Logging.Abstractions": {
        "type": "Transitive",
        "resolved": "8.0.1",
        "contentHash": "RIFgaqoaINxkM2KTOw72dmilDmTrYA0ns2KW4lDz4gZ2+o6IQ894CzmdL3StM2oh7QQq44nCWiqKqc4qUI9Jmg==",
        "dependencies": {
          "Microsoft.Extensions.DependencyInjection.Abstractions": "8.0.1"
        }
      },
      "arcforges.contentsandbox.contracts": {
        "type": "Project",
        "dependencies": {
          "ArcForges.Contracts.LocalRpc.Platform": "[1.0.0-ci.324.1, )",
          "ArcForges.Contracts.LocalRpc.Sandbox": "[1.0.0-ci.324.1, )",
          "ArcForges.LocalRpc": "[1.0.0, )"
        }
      },
      "arcforges.foundation": {
        "type": "Project",
        "dependencies": {
          "ArcForges.Contracts.Foundation": "[1.0.0-ci.324.1, )"
        }
      },
      "arcforges.localrpc": {
        "type": "Project",
        "dependencies": {
          "Grpc.AspNetCore.Server": "[2.83.0, )",
          "Grpc.Net.Client": "[2.84.0, )"
        }
      },
      "arcforges.native.abstractions": {
        "type": "Project"
      },
      "arcforges.native.image": {
        "type": "Project",
        "dependencies": {
          "ArcForges.Native.Abstractions": "[1.0.0, )"
        }
      },
      "arcforges.native.pdf": {
        "type": "Project",
        "dependencies": {
          "ArcForges.Native.Abstractions": "[1.0.0, )"
        }
      },
      "ArcForges.Contracts.Foundation": {
        "type": "CentralTransitive",
        "requested": "[1.0.0-ci.324.1, )",
        "resolved": "1.0.0-ci.324.1",
        "contentHash": "z0Vgu7TzX0BqYcr6cbbhQW52Riy4RdOHwQDR5Z3uS+QnZKS6oYKDhRyrVAuG2zjQb3ND2yf+N//haMerWgdArA==",
        "dependencies": {
          "Google.Protobuf": "3.36.1"
        }
      },
      "ArcForges.Contracts.LocalRpc.Platform": {
        "type": "CentralTransitive",
        "requested": "[1.0.0-ci.324.1, )",
        "resolved": "1.0.0-ci.324.1",
        "contentHash": "tFod3Qb/vm+BMwQt0hD2Rdfw6hhKrh1jEx+UoKfb203p5elKB5jch7y9ylnQs0P0itaSWXYVWNH9Lp4Co+Narw==",
        "dependencies": {
          "ArcForges.Contracts.Foundation": "1.0.0-ci.324.1",
          "ArcForges.Contracts.PublicApi": "1.0.0-ci.324.1",
          "ArcForges.Sdk.Contracts": "1.0.0-ci.324.1",
          "Google.Protobuf": "3.36.1",
          "Grpc.Core.Api": "2.84.0"
        }
      },
      "ArcForges.Contracts.LocalRpc.Sandbox": {
        "type": "CentralTransitive",
        "requested": "[1.0.0-ci.324.1, )",
        "resolved": "1.0.0-ci.324.1",
        "contentHash": "gprrmfkW/Nxoim2fX1vjxf27/cIl72XYviR0mkSot/mQstyKjg1ppW4uE3IM4w0BU4h03inbtke6KFqUYpeXag==",
        "dependencies": {
          "ArcForges.Contracts.Foundation": "1.0.0-ci.324.1",
          "Google.Protobuf": "3.36.1",
          "Grpc.Core.Api": "2.84.0"
        }
      },
      "Grpc.AspNetCore.Server": {
        "type": "CentralTransitive",
        "requested": "[2.83.0, )",
        "resolved": "2.83.0",
        "contentHash": "rWeSaXaSPIIerc82lhHKqmzlp/sgLnG+Zw1c3YEEVp/un+hJKPxJOXWuGUOS2cs3EvcZBZ2tliXsnAg5Mdk2Ew==",
        "dependencies": {
          "Grpc.Net.Common": "2.83.0"
        }
      },
      "Grpc.Net.Client": {
        "type": "CentralTransitive",
        "requested": "[2.84.0, )",
        "resolved": "2.84.0",
        "contentHash": "My6Fms2YCyAbihTBZZ3kLS39iTY2pkMAzGDBTC6XhPOujg70eB07AEJ7tPiW3tZ70bhFzHcc3+d4j3DaIPF3aA==",
        "dependencies": {
          "Grpc.Net.Common": "2.84.0",
          "Microsoft.Extensions.Logging.Abstractions": "8.0.1"
        }
      }
    },
    "net10.0/linux-x64": {
      "Microsoft.DotNet.ILCompiler": {
        "type": "Direct",
        "requested": "[10.0.11, )",
        "resolved": "10.0.11",
        "contentHash": "yloFUsIQOzspIsn2cDHrbgikKaWHAZspzj0EWxnWJJpFC89IBW64OXgCECsrrnzGWQvy1iLX9r5/R4zBf7Am3g==",
        "dependencies": {
          "runtime.linux-x64.Microsoft.DotNet.ILCompiler": "10.0.11"
        }
      },
      "runtime.linux-x64.Microsoft.DotNet.ILCompiler": {
        "type": "Transitive",
        "resolved": "10.0.11",
        "contentHash": "0lJviBev2CvBdrLhMCJ1hmwOKgjbk1ccRy+brEewywtK4TMft1WaVXv112j6OuTQg8ZMbnN/i3KRD3S6o4NJDw=="
      }
    },
    "net10.0/osx-arm64": {
      "Microsoft.DotNet.ILCompiler": {
        "type": "Direct",
        "requested": "[10.0.11, )",
        "resolved": "10.0.11",
        "contentHash": "yloFUsIQOzspIsn2cDHrbgikKaWHAZspzj0EWxnWJJpFC89IBW64OXgCECsrrnzGWQvy1iLX9r5/R4zBf7Am3g==",
        "dependencies": {
          "runtime.osx-arm64.Microsoft.DotNet.ILCompiler": "10.0.11"
        }
      },
      "runtime.osx-arm64.Microsoft.DotNet.ILCompiler": {
        "type": "Transitive",
        "resolved": "10.0.11",
        "contentHash": "4cxybmyqJI3zZIKkNM1Ft0aq6Q4q6b4SJ11Np5j9lrHHurfheI66dUshpZD/UEMjMqAdg9O03AABAYLYSUzwyw=="
      }
    },
    "net10.0/osx-x64": {
      "Microsoft.DotNet.ILCompiler": {
        "type": "Direct",
        "requested": "[10.0.11, )",
        "resolved": "10.0.11",
        "contentHash": "yloFUsIQOzspIsn2cDHrbgikKaWHAZspzj0EWxnWJJpFC89IBW64OXgCECsrrnzGWQvy1iLX9r5/R4zBf7Am3g==",
        "dependencies": {
          "runtime.osx-x64.Microsoft.DotNet.ILCompiler": "10.0.11"
        }
      },
      "runtime.osx-x64.Microsoft.DotNet.ILCompiler": {
        "type": "Transitive",
        "resolved": "10.0.11",
        "contentHash": "Nf7MRJg0HZ4G7icNbW8T49O/9UU6x8XoUPffkk3Uh+r+mDAUFHkhIptUc0wDdIRrouJrLt0IJp0LiaQJUB7DbA=="
      }
    },
    "net10.0/win-arm64": {
      "Microsoft.DotNet.ILCompiler": {
        "type": "Direct",
        "requested": "[10.0.11, )",
        "resolved": "10.0.11",
        "contentHash": "yloFUsIQOzspIsn2cDHrbgikKaWHAZspzj0EWxnWJJpFC89IBW64OXgCECsrrnzGWQvy1iLX9r5/R4zBf7Am3g==",
        "dependencies": {
          "runtime.win-arm64.Microsoft.DotNet.ILCompiler": "10.0.11"
        }
      },
      "runtime.win-arm64.Microsoft.DotNet.ILCompiler": {
        "type": "Transitive",
        "resolved": "10.0.11",
        "contentHash": "vy/AJM7NafhIa+4EsJrh//5Ba3HW3purZh+KR0Bpt/R20w3s06ZrUsdwHywUs+5E7PfEtbXBcLlebKFusSLBkQ=="
      }
    },
    "net10.0/win-x64": {
      "Microsoft.DotNet.ILCompiler": {
        "type": "Direct",
        "requested": "[10.0.11, )",
        "resolved": "10.0.11",
        "contentHash": "yloFUsIQOzspIsn2cDHrbgikKaWHAZspzj0EWxnWJJpFC89IBW64OXgCECsrrnzGWQvy1iLX9r5/R4zBf7Am3g==",
        "dependencies": {
          "runtime.win-x64.Microsoft.DotNet.ILCompiler": "10.0.11"
        }
      },
      "runtime.win-x64.Microsoft.DotNet.ILCompiler": {
        "type": "Transitive",
        "resolved": "10.0.11",
        "contentHash": "D6ZKMo3NeTnos7l5S8bMmiPm4LK+y15Q/uduyPw7FX+xKbeWVWdwlcZGkLLPjLvW4ZO6o3ACanq5HsSXJgrt0g=="
      }
    }
  }
}