{
  "version": 2,
  "dependencies": {
    "net10.0": {
      "Microsoft.CodeAnalysis.NetAnalyzers": {
        "type": "Direct",
        "requested": "[10.0.401, )",
        "resolved": "10.0.401",
        "contentHash": "qGPLk4hknvVp6j9Lowa0qykw1cK7CyEyyy2aVs4dkOGroOMHJLRsMpUT53IKvYT6q78jxv96FZhzy3BrKCPgmA=="
      },
      "Microsoft.NET.ILLink.Tasks": {
        "type": "Direct",
        "requested": "[10.0.11, )",
        "resolved": "10.0.11",
        "contentHash": "IBf7lbovvjGWVWXZX5cJ/cO0WXbId0Zq4BuSeT94mGZuOAP66oMeH9PTBZ9Jpp3Jb6jtK0qm/NyUbPRo1gC/wQ=="
      },
      "Google.Protobuf": {
        "type": "Transitive",
        "resolved": "3.36.1",
        "contentHash": "77AqPEoaY1ODE+syYBHti0jXiwQq0J/fUr/fRyYhNlc9oKtH5dZZEr/OLKtdKNVG83PRnCYB2r8B80ZrObzOGQ=="
      },
      "arcforges.capabilities": {
        "type": "Project",
        "dependencies": {
          "ArcForges.Foundation": "[1.0.0, )"
        }
      },
      "arcforges.foundation": {
        "type": "Project",
        "dependencies": {
          "ArcForges.Contracts.Foundation": "[1.0.0-ci.216.1, )"
        }
      },
      "ArcForges.Contracts.Foundation": {
        "type": "CentralTransitive",
        "requested": "[1.0.0-ci.216.1, )",
        "resolved": "1.0.0-ci.216.1",
        "contentHash": "+RGxNiaoOBt+j2IOSpUa2WWD4Bnkk8Ten7jbOVFwdUVF8jUQRCCvAGhrPTzZpnr6Sk5MSoA95+pJYgN8T+jEtg==",
        "dependencies": {
          "Google.Protobuf": "3.36.1"
        }
      }
    }
  }
}