{
  "name": "@arcforges/foundation-acceptance",
  "version": "0.0.0",
  "lockfileVersion": 3,
  "requires": true,
  "packages": {
    "": {
      "name": "@arcforges/foundation-acceptance",
      "version": "0.0.0",
      "license": "AGPL-3.0-only",
      "dependencies": {
        "@arcforges/contract-fixtures": "1.0.0-ci.113.1",
        "@arcforges/proto": "1.0.0-ci.113.1",
        "@bufbuild/protobuf": "2.15.0"
      }
    },
    "node_modules/@arcforges/contract-fixtures": {
      "version": "1.0.0-ci.113.1",
      "resolved": "https://registry.npmjs.org/@arcforges/contract-fixtures/-/contract-fixtures-1.0.0-ci.113.1.tgz",
      "integrity": "sha512-i0oSa8yQOK4/+gk8dH54tVkyS2vm0oxcJd8+sdZY+QjNgI03gbVbgTI2DuHwdDIskBfq0jZ/H0kyVb1YQEn1mA==",
      "license": "Apache-2.0"
    },
    "node_modules/@arcforges/proto": {
      "version": "1.0.0-ci.113.1",
      "resolved": "https://registry.npmjs.org/@arcforges/proto/-/proto-1.0.0-ci.113.1.tgz",
      "integrity": "sha512-U50vIM791HkENJOlAWGkdJmWjM74H8jNr1S3myva+OIDL57lSLoSaMa5EvH0arYwhx4DGegr7E7I5da2S5zbIw==",
      "license": "Apache-2.0",
      "dependencies": {
        "@bufbuild/protobuf": "2.15.0"
      }
    },
    "node_modules/@bufbuild/protobuf": {
      "version": "2.15.0",
      "resolved": "https://registry.npmjs.org/@bufbuild/protobuf/-/protobuf-2.15.0.tgz",
      "integrity": "sha512-DAheWUkVr/SJTWCc+lg9dhY0eN4SaWlf4+bG1KzHeXbnqt0AfB/NX0Z+VunGlM1ki1B4zVvye27MpKh/svySUA==",
      "license": "(Apache-2.0 AND BSD-3-Clause)"
    }
  }
}
